
Microsoft Visual Studio Solution File, Format Version 12.00
# Visual Studio Version 17
VisualStudioVersion = 17.3.32922.545
MinimumVisualStudioVersion = 10.0.40219.1
Project("{FAE04EC0-301F-11D3-BF4B-00C04F79EFBC}") = "WpfApp17", "WpfApp17\WpfApp17.csproj", "{FFFA09A2-EDD6-4F14-ABCE-7C679D6E6E10}"
EndProject
Global
	GlobalSection(SolutionConfigurationPlatforms) = preSolution
		Debug|Any CPU = Debug|Any CPU
		Release|Any CPU = Release|Any CPU
	EndGlobalSection
	GlobalSection(ProjectConfigurationPlatforms) = postSolution
		{FFFA09A2-EDD6-4F14-ABCE-7C679D6E6E10}.Debug|Any CPU.ActiveCfg = Debug|Any CPU
		{FFFA09A2-EDD6-4F14-ABCE-7C679D6E6E10}.Debug|Any CPU.Build.0 = Debug|Any CPU
		{FFFA09A2-EDD6-4F14-ABCE-7C679D6E6E10}.Release|Any CPU.ActiveCfg = Release|Any CPU
		{FFFA09A2-EDD6-4F14-ABCE-7C679D6E6E10}.Release|Any CPU.Build.0 = Release|Any CPU
	EndGlobalSection
	GlobalSection(SolutionProperties) = preSolution
		HideSolutionNode = FALSE
	EndGlobalSection
	GlobalSection(ExtensibilityGlobals) = postSolution
		SolutionGuid = {5E5D076F-1425-4CC8-A560-A8C0C8C0A687}
	EndGlobalSection
EndGlobal
